// !$*UTF8*$!
{
	archiveVersion = 1;
	classes = {
	};
	objectVersion = 56;
	objects = {

/* Begin PBXBuildFile section */
		C9EADA7629F1C45D0088CE13 /* AppDelegate.swift in Sources */ = {isa = PBXBuildFile; fileRef = C9EADA7529F1C45D0088CE13 /* AppDelegate.swift */; };
		C9EADA7829F1C45D0088CE13 /* SceneDelegate.swift in Sources */ = {isa = PBXBuildFile; fileRef = C9EADA7729F1C45D0088CE13 /* SceneDelegate.swift */; };
		C9EADA7A29F1C45D0088CE13 /* ViewController.swift in Sources */ = {isa = PBXBuildFile; fileRef = C9EADA7929F1C45D0088CE13 /* ViewController.swift */; };
		C9EADA7D29F1C45D0088CE13 /* Main.storyboard in Resources */ = {isa = PBXBuildFile; fileRef = C9EADA7B29F1C45D0088CE13 /* Main.storyboard */; };
		C9EADA8029F1C45D0088CE13 /* EyeCapture.xcdatamodeld in Sources */ = {isa = PBXBuildFile; fileRef = C9EADA7E29F1C45D0088CE13 /* EyeCapture.xcdatamodeld */; };
		C9EADA8229F1C45F0088CE13 /* Assets.xcassets in Resources */ = {isa = PBXBuildFile; fileRef = C9EADA8129F1C45F0088CE13 /* Assets.xcassets */; };
		C9EADA8529F1C45F0088CE13 /* LaunchScreen.storyboard in Resources */ = {isa = PBXBuildFile; fileRef = C9EADA8329F1C45F0088CE13 /* LaunchScreen.storyboard */; };
		C9EADA8D29F2F8D80088CE13 /* URLs.json in Resources */ = {isa = PBXBuildFile; fileRef = C9EADA8C29F2F8D80088CE13 /* URLs.json */; };
/* End PBXBuildFile section */

/* Begin PBXFileReference section */
		C9EADA7229F1C45D0088CE13 /* EyeCapture.app */ = {isa = PBXFileReference; explicitFileType = wrapper.application; includeInIndex = 0; path = EyeCapture.app; sourceTree = BUILT_PRODUCTS_DIR; };
		C9EADA7529F1C45D0088CE13 /* AppDelegate.swift */ = {isa = PBXFileReference; lastKnownFileType = sourcecode.swift; path = AppDelegate.swift; sourceTree = "<group>"; };
		C9EADA7729F1C45D0088CE13 /* SceneDelegate.swift */ = {isa = PBXFileReference; lastKnownFileType = sourcecode.swift; path = SceneDelegate.swift; sourceTree = "<group>"; };
		C9EADA7929F1C45D0088CE13 /* ViewController.swift */ = {isa = PBXFileReference; lastKnownFileType = sourcecode.swift; path = ViewController.swift; sourceTree = "<group>"; };
		C9EADA7C29F1C45D0088CE13 /* Base */ = {isa = PBXFileReference; lastKnownFileType = file.storyboard; name = Base; path = Base.lproj/Main.storyboard; sourceTree = "<group>"; };
		C9EADA7F29F1C45D0088CE13 /* EyeCapture.xcdatamodel */ = {isa = PBXFileReference; lastKnownFileType = wrapper.xcdatamodel; path = EyeCapture.xcdatamodel; sourceTree = "<group>"; };
		C9EADA8129F1C45F0088CE13 /* Assets.xcassets */ = {isa = PBXFileReference; lastKnownFileType = folder.assetcatalog; path = Assets.xcassets; sourceTree = "<group>"; };
		C9EADA8429F1C45F0088CE13 /* Base */ = {isa = PBXFileReference; lastKnownFileType = file.storyboard; name = Base; path = Base.lproj/LaunchScreen.storyboard; sourceTree = "<group>"; };
		C9EADA8629F1C45F0088CE13 /* Info.plist */ = {isa = PBXFileReference; lastKnownFileType = text.plist.xml; path = Info.plist; sourceTree = "<group>"; };
		C9EADA8C29F2F8D80088CE13 /* URLs.json */ = {isa = PBXFileReference; lastKnownFileType = text.json; path = URLs.json; sourceTree = "<group>"; };
/* End PBXFileReference section */

/* Begin PBXFrameworksBuildPhase section */
		C9EADA6F29F1C45D0088CE13 /* Frameworks */ = {
			isa = PBXFrameworksBuildPhase;
			buildActionMask = 2147483647;
			files = (
			);
			runOnlyForDeploymentPostprocessing = 0;
		};
/* End PBXFrameworksBuildPhase section */

/* Begin PBXGroup section */
		C9EADA6929F1C45D0088CE13 = {
			isa = PBXGroup;
			children = (
				C9EADA7429F1C45D0088CE13 /* EyeCapture */,
				C9EADA7329F1C45D0088CE13 /* Products */,
			);
			sourceTree = "<group>";
		};
		C9EADA7329F1C45D0088CE13 /* Products */ = {
			isa = PBXGroup;
			children = (
				C9EADA7229F1C45D0088CE13 /* EyeCapture.app */,
			);
			name = Products;
			sourceTree = "<group>";
		};
		C9EADA7429F1C45D0088CE13 /* EyeCapture */ = {
			isa = PBXGroup;
			children = (
				C9EADA7529F1C45D0088CE13 /* AppDelegate.swift */,
				C9EADA7729F1C45D0088CE13 /* SceneDelegate.swift */,
				C9EADA7929F1C45D0088CE13 /* ViewController.swift */,
				C9EADA7B29F1C45D0088CE13 /* Main.storyboard */,
				C9EADA8129F1C45F0088CE13 /* Assets.xcassets */,
				C9EADA8329F1C45F0088CE13 /* LaunchScreen.storyboard */,
				C9EADA8629F1C45F0088CE13 /* Info.plist */,
				C9EADA7E29F1C45D0088CE13 /* EyeCapture.xcdatamodeld */,
				C9EADA8C29F2F8D80088CE13 /* URLs.json */,
			);
			path = EyeCapture;
			sourceTree = "<group>";
		};
/* End PBXGroup section */

/* Begin PBXNativeTarget section */
		C9EADA7129F1C45D0088CE13 /* EyeCapture */ = {
			isa = PBXNativeTarget;
			buildConfigurationList = C9EADA8929F1C45F0088CE13 /* Build configuration list for PBXNativeTarget "EyeCapture" */;
			buildPhases = (
				C9EADA6E29F1C45D0088CE13 /* Sources */,
				C9EADA6F29F1C45D0088CE13 /* Frameworks */,
				C9EADA7029F1C45D0088CE13 /* Resources */,
			);
			buildRules = (
			);
			dependencies = (
			);
			name = EyeCapture;
			productName = EyeCapture;
			productReference = C9EADA7229F1C45D0088CE13 /* EyeCapture.app */;
			productType = "com.apple.product-type.application";
		};
/* End PBXNativeTarget section */

/* Begin PBXProject section */
		C9EADA6A29F1C45D0088CE13 /* Project object */ = {
			isa = PBXProject;
			attributes = {
				BuildIndependentTargetsInParallel = 1;
				LastSwiftUpdateCheck = 1420;
				LastUpgradeCheck = 1420;
				TargetAttributes = {
					C9EADA7129F1C45D0088CE13 = {
						CreatedOnToolsVersion = 14.2;
					};
				};
			};
			buildConfigurationList = C9EADA6D29F1C45D0088CE13 /* Build configuration list for PBXProject "EyeCapture" */;
			compatibilityVersion = "Xcode 14.0";
			developmentRegion = en;
			hasScannedForEncodings = 0;
			knownRegions = (
				en,
				Base,
			);
			mainGroup = C9EADA6929F1C45D0088CE13;
			productRefGroup = C9EADA7329F1C45D0088CE13 /* Products */;
			projectDirPath = "";
			projectRoot = "";
			targets = (
				C9EADA7129F1C45D0088CE13 /* EyeCapture */,
			);
		};
/* End PBXProject section */

/* Begin PBXResourcesBuildPhase section */
		C9EADA7029F1C45D0088CE13 /* Resources */ = {
			isa = PBXResourcesBuildPhase;
			buildActionMask = 2147483647;
			files = (
				C9EADA8529F1C45F0088CE13 /* LaunchScreen.storyboard in Resources */,
				C9EADA8229F1C45F0088CE13 /* Assets.xcassets in Resources */,
				C9EADA7D29F1C45D0088CE13 /* Main.storyboard in Resources */,
				C9EADA8D29F2F8D80088CE13 /* URLs.json in Resources */,
			);
			runOnlyForDeploymentPostprocessing = 0;
		};
/* End PBXResourcesBuildPhase section */

/* Begin PBXSourcesBuildPhase section */
		C9EADA6E29F1C45D0088CE13 /* Sources */ = {
			isa = PBXSourcesBuildPhase;
			buildActionMask = 2147483647;
			files = (
				C9EADA7A29F1C45D0088CE13 /* ViewController.swift in Sources */,
				C9EADA7629F1C45D0088CE13 /* AppDelegate.swift in Sources */,
				C9EADA8029F1C45D0088CE13 /* EyeCapture.xcdatamodeld in Sources */,
				C9EADA7829F1C45D0088CE13 /* SceneDelegate.swift in Sources */,
			);
			runOnlyForDeploymentPostprocessing = 0;
		};
/* End PBXSourcesBuildPhase section */

/* Begin PBXVariantGroup section */
		C9EADA7B29F1C45D0088CE13 /* Main.storyboard */ = {
			isa = PBXVariantGroup;
			children = (
				C9EADA7C29F1C45D0088CE13 /* Base */,
			);
			name = Main.storyboard;
			sourceTree = "<group>";
		};
		C9EADA8329F1C45F0088CE13 /* LaunchScreen.storyboard */ = {
			isa = PBXVariantGroup;
			children = (
				C9EADA8429F1C45F0088CE13 /* Base */,
			);
			name = LaunchScreen.storyboard;
			sourceTree = "<group>";
		};
/* End PBXVariantGroup section */

/* Begin XCBuildConfiguration section */
		C9EADA8729F1C45F0088CE13 /* Debug */ = {
			isa = XCBuildConfiguration;
			buildSettings = {
				ALWAYS_SEARCH_USER_PATHS = NO;
				CLANG_ANALYZER_NONNULL = YES;
				CLANG_ANALYZER_NUMBER_OBJECT_CONVERSION = YES_AGGRESSIVE;
				CLANG_CXX_LANGUAGE_STANDARD = "gnu++20";
				CLANG_ENABLE_MODULES = YES;
				CLANG_ENABLE_OBJC_ARC = YES;
				CLANG_ENABLE_OBJC_WEAK = YES;
				CLANG_WARN_BLOCK_CAPTURE_AUTORELEASING = YES;
				CLANG_WARN_BOOL_CONVERSION = YES;
				CLANG_WARN_COMMA = YES;
				CLANG_WARN_CONSTANT_CONVERSION = YES;
				CLANG_WARN_DEPRECATED_OBJC_IMPLEMENTATIONS = YES;
				CLANG_WARN_DIRECT_OBJC_ISA_USAGE = YES_ERROR;
				CLANG_WARN_DOCUMENTATION_COMMENTS = YES;
				CLANG_WARN_EMPTY_BODY = YES;
				CLANG_WARN_ENUM_CONVERSION = YES;
				CLANG_WARN_INFINITE_RECURSION = YES;
				CLANG_WARN_INT_CONVERSION = YES;
				CLANG_WARN_NON_LITERAL_NULL_CONVERSION = YES;
				CLANG_WARN_OBJC_IMPLICIT_RETAIN_SELF = YES;
				CLANG_WARN_OBJC_LITERAL_CONVERSION = YES;
				CLANG_WARN_OBJC_ROOT_CLASS = YES_ERROR;
				CLANG_WARN_QUOTED_INCLUDE_IN_FRAMEWORK_HEADER = YES;
				CLANG_WARN_RANGE_LOOP_ANALYSIS = YES;
				CLANG_WARN_STRICT_PROTOTYPES = YES;
				CLANG_WARN_SUSPICIOUS_MOVE = YES;
				CLANG_WARN_UNGUARDED_AVAILABILITY = YES_AGGRESSIVE;
				CLANG_WARN_UNREACHABLE_CODE = YES;
				CLANG_WARN__DUPLICATE_METHOD_MATCH = YES;
				COPY_PHASE_STRIP = NO;
				DEBUG_INFORMATION_FORMAT = dwarf;
				ENABLE_STRICT_OBJC_MSGSEND = YES;
				ENABLE_TESTABILITY = YES;
				GCC_C_LANGUAGE_STANDARD = gnu11;
				GCC_DYNAMIC_NO_PIC = NO;
				GCC_NO_COMMON_BLOCKS = YES;
				GCC_OPTIMIZATION_LEVEL = 0;
				GCC_PREPROCESSOR_DEFINITIONS = (
					"DEBUG=1",
					"$(inherited)",
				);
				GCC_WARN_64_TO_32_BIT_CONVERSION = YES;
				GCC_WARN_ABOUT_RETURN_TYPE = YES_ERROR;
				GCC_WARN_UNDECLARED_SELECTOR = YES;
				GCC_WARN_UNINITIALIZED_AUTOS = YES_AGGRESSIVE;
				GCC_WARN_UNUSED_FUNCTION = YES;
				GCC_WARN_UNUSED_VARIABLE = YES;
				IPHONEOS_DEPLOYMENT_TARGET = 16.2;
				MTL_ENABLE_DEBUG_INFO = INCLUDE_SOURCE;
				MTL_FAST_MATH = YES;
				ONLY_ACTIVE_ARCH = YES;
				SDKROOT = iphoneos;
				SWIFT_ACTIVE_COMPILATION_CONDITIONS = DEBUG;
				SWIFT_OPTIMIZATION_LEVEL = "-Onone";
			};
			name = Debug;
		};
		C9EADA8829F1C45F0088CE13 /* Release */ = {
			isa = XCBuildConfiguration;
			buildSettings = {
				ALWAYS_SEARCH_USER_PATHS = NO;
				CLANG_ANALYZER_NONNULL = YES;
				CLANG_ANALYZER_NUMBER_OBJECT_CONVERSION = YES_AGGRESSIVE;
				CLANG_CXX_LANGUAGE_STANDARD = "gnu++20";
				CLANG_ENABLE_MODULES = YES;
				CLANG_ENABLE_OBJC_ARC = YES;
				CLANG_ENABLE_OBJC_WEAK = YES;
				CLANG_WARN_BLOCK_CAPTURE_AUTORELEASING = YES;
				CLANG_WARN_BOOL_CONVERSION = YES;
				CLANG_WARN_COMMA = YES;
				CLANG_WARN_CONSTANT_CONVERSION = YES;
				CLANG_WARN_DEPRECATED_OBJC_IMPLEMENTATIONS = YES;
				CLANG_WARN_DIRECT_OBJC_ISA_USAGE = YES_ERROR;
				CLANG_WARN_DOCUMENTATION_COMMENTS = YES;
				CLANG_WARN_EMPTY_BODY = YES;
				CLANG_WARN_ENUM_CONVERSION = YES;
				CLANG_WARN_INFINITE_RECURSION = YES;
				CLANG_WARN_INT_CONVERSION = YES;
				CLANG_WARN_NON_LITERAL_NULL_CONVERSION = YES;
				CLANG_WARN_OBJC_IMPLICIT_RETAIN_SELF = YES;
				CLANG_WARN_OBJC_LITERAL_CONVERSION = YES;
				CLANG_WARN_OBJC_ROOT_CLASS = YES_ERROR;
				CLANG_WARN_QUOTED_INCLUDE_IN_FRAMEWORK_HEADER = YES;
				CLANG_WARN_RANGE_LOOP_ANALYSIS = YES;
				CLANG_WARN_STRICT_PROTOTYPES = YES;
				CLANG_WARN_SUSPICIOUS_MOVE = YES;
				CLANG_WARN_UNGUARDED_AVAILABILITY = YES_AGGRESSIVE;
				CLANG_WARN_UNREACHABLE_CODE = YES;
				CLANG_WARN__DUPLICATE_METHOD_MATCH = YES;
				COPY_PHASE_STRIP = NO;
				DEBUG_INFORMATION_FORMAT = "dwarf-with-dsym";
				ENABLE_NS_ASSERTIONS = NO;
				ENABLE_STRICT_OBJC_MSGSEND = YES;
				GCC_C_LANGUAGE_STANDARD = gnu11;
				GCC_NO_COMMON_BLOCKS = YES;
				GCC_WARN_64_TO_32_BIT_CONVERSION = YES;
				GCC_WARN_ABOUT_RETURN_TYPE = YES_ERROR;
				GCC_WARN_UNDECLARED_SELECTOR = YES;
				GCC_WARN_UNINITIALIZED_AUTOS = YES_AGGRESSIVE;
				GCC_WARN_UNUSED_FUNCTION = YES;
				GCC_WARN_UNUSED_VARIABLE = YES;
				IPHONEOS_DEPLOYMENT_TARGET = 16.2;
				MTL_ENABLE_DEBUG_INFO = NO;
				MTL_FAST_MATH = YES;
				SDKROOT = iphoneos;
				SWIFT_COMPILATION_MODE = wholemodule;
				SWIFT_OPTIMIZATION_LEVEL = "-O";
				VALIDATE_PRODUCT = YES;
			};
			name = Release;
		};
		C9EADA8A29F1C45F0088CE13 /* Debug */ = {
			isa = XCBuildConfiguration;
			buildSettings = {
				ASSETCATALOG_COMPILER_APPICON_NAME = AppIcon;
				ASSETCATALOG_COMPILER_GLOBAL_ACCENT_COLOR_NAME = AccentColor;
				CODE_SIGN_STYLE = Automatic;
				CURRENT_PROJECT_VERSION = 1;
				DEVELOPMENT_TEAM = S8T9KP8DYR;
				GENERATE_INFOPLIST_FILE = YES;
				INFOPLIST_FILE = EyeCapture/Info.plist;
				INFOPLIST_KEY_UIApplicationSupportsIndirectInputEvents = YES;
				INFOPLIST_KEY_UILaunchStoryboardName = LaunchScreen;
				INFOPLIST_KEY_UIMainStoryboardFile = Main;
				INFOPLIST_KEY_UISupportedInterfaceOrientations_iPad = "UIInterfaceOrientationPortrait UIInterfaceOrientationPortraitUpsideDown UIInterfaceOrientationLandscapeLeft UIInterfaceOrientationLandscapeRight";
				INFOPLIST_KEY_UISupportedInterfaceOrientations_iPhone = "UIInterfaceOrientationPortrait UIInterfaceOrientationLandscapeLeft UIInterfaceOrientationLandscapeRight";
				LD_RUNPATH_SEARCH_PATHS = (
					"$(inherited)",
					"@executable_path/Frameworks",
				);
				MARKETING_VERSION = 1.0;
				PRODUCT_BUNDLE_IDENTIFIER = dev.nethery.EyeCapture;
				PRODUCT_NAME = "$(TARGET_NAME)";
				SWIFT_EMIT_LOC_STRINGS = YES;
				SWIFT_VERSION = 5.0;
				TARGETED_DEVICE_FAMILY = "1,2";
			};
			name = Debug;
		};
		C9EADA8B29F1C45F0088CE13 /* Release */ = {
			isa = XCBuildConfiguration;
			buildSettings = {
				ASSETCATALOG_COMPILER_APPICON_NAME = AppIcon;
				ASSETCATALOG_COMPILER_GLOBAL_ACCENT_COLOR_NAME = AccentColor;
				CODE_SIGN_STYLE = Automatic;
				CURRENT_PROJECT_VERSION = 1;
				DEVELOPMENT_TEAM = S8T9KP8DYR;
				GENERATE_INFOPLIST_FILE = YES;
				INFOPLIST_FILE = EyeCapture/Info.plist;
				INFOPLIST_KEY_UIApplicationSupportsIndirectInputEvents = YES;
				INFOPLIST_KEY_UILaunchStoryboardName = LaunchScreen;
				INFOPLIST_KEY_UIMainStoryboardFile = Main;
				INFOPLIST_KEY_UISupportedInterfaceOrientations_iPad = "UIInterfaceOrientationPortrait UIInterfaceOrientationPortraitUpsideDown UIInterfaceOrientationLandscapeLeft UIInterfaceOrientationLandscapeRight";
				INFOPLIST_KEY_UISupportedInterfaceOrientations_iPhone = "UIInterfaceOrientationPortrait UIInterfaceOrientationLandscapeLeft UIInterfaceOrientationLandscapeRight";
				LD_RUNPATH_SEARCH_PATHS = (
					"$(inherited)",
					"@executable_path/Frameworks",
				);
				MARKETING_VERSION = 1.0;
				PRODUCT_BUNDLE_IDENTIFIER = dev.nethery.EyeCapture;
				PRODUCT_NAME = "$(TARGET_NAME)";
				SWIFT_EMIT_LOC_STRINGS = YES;
				SWIFT_VERSION = 5.0;
				TARGETED_DEVICE_FAMILY = "1,2";
			};
			name = Release;
		};
/* End XCBuildConfiguration section */

/* Begin XCConfigurationList section */
		C9EADA6D29F1C45D0088CE13 /* Build configuration list for PBXProject "EyeCapture" */ = {
			isa = XCConfigurationList;
			buildConfigurations = (
				C9EADA8729F1C45F0088CE13 /* Debug */,
				C9EADA8829F1C45F0088CE13 /* Release */,
			);
			defaultConfigurationIsVisible = 0;
			defaultConfigurationName = Release;
		};
		C9EADA8929F1C45F0088CE13 /* Build configuration list for PBXNativeTarget "EyeCapture" */ = {
			isa = XCConfigurationList;
			buildConfigurations = (
				C9EADA8A29F1C45F0088CE13 /* Debug */,
				C9EADA8B29F1C45F0088CE13 /* Release */,
			);
			defaultConfigurationIsVisible = 0;
			defaultConfigurationName = Release;
		};
/* End XCConfigurationList section */

/* Begin XCVersionGroup section */
		C9EADA7E29F1C45D0088CE13 /* EyeCapture.xcdatamodeld */ = {
			isa = XCVersionGroup;
			children = (
				C9EADA7F29F1C45D0088CE13 /* EyeCapture.xcdatamodel */,
			);
			currentVersion = C9EADA7F29F1C45D0088CE13 /* EyeCapture.xcdatamodel */;
			path = EyeCapture.xcdatamodeld;
			sourceTree = "<group>";
			versionGroupType = wrapper.xcdatamodel;
		};
/* End XCVersionGroup section */
	};
	rootObject = C9EADA6A29F1C45D0088CE13 /* Project object */;
}
